{
    "requires": true,
    "lockfileVersion": 1,
    "dependencies": {
        "nativescript-appavailability": {
            "version": "1.3.1",
            "resolved": "https://registry.npmjs.org/nativescript-appavailability/-/nativescript-appavailability-1.3.1.tgz",
            "integrity": "sha1-wK2TR9v/yAQaXVqe6QmvRQ5BWsc="
        },
        "nativescript-directions": {
            "version": "1.3.0",
            "resolved": "https://registry.npmjs.org/nativescript-directions/-/nativescript-directions-1.3.0.tgz",
            "integrity": "sha512-Rgf6GdyLo8XK41y+Fsj7pDhU0UXHI1BdCK98M3wIcSacN0UAED+GbFsBKIc+aLZDq3bWuXq+VT3t3G8GmsFo+w==",
            "requires": {
                "nativescript-appavailability": "1.3.1"
            }
        },
        "nativescript-google-maps-sdk": {
            "version": "2.6.1",
            "resolved": "https://registry.npmjs.org/nativescript-google-maps-sdk/-/nativescript-google-maps-sdk-2.6.1.tgz",
            "integrity": "sha512-CGzf/WYukGcGyDY6fqw6NEX4VovbpGC/4fRxWfTQ/F82uCrztW3xxpwt9xJgw5jO70QAGRtlEjIg7U2xXlqIYA=="
        },
        "nativescript-google-maps-utils": {
            "version": "0.1.3",
            "resolved": "https://registry.npmjs.org/nativescript-google-maps-utils/-/nativescript-google-maps-utils-0.1.3.tgz",
            "integrity": "sha1-nJ2JFm8/gOR7m0BvAbTMwc6kQYQ=",
            "requires": {
                "nativescript-google-maps-sdk": "*"
            }
        },
        "nativescript-theme-core": {
            "version": "1.0.4",
            "resolved": "https://registry.npmjs.org/nativescript-theme-core/-/nativescript-theme-core-1.0.4.tgz",
            "integrity": "sha1-zyiAx/vy/l9D4iNdMJdQeQgD7+E="
        },
        "nativescript-ui-autocomplete": {
            "version": "3.10.1",
            "resolved": "https://registry.npmjs.org/nativescript-ui-autocomplete/-/nativescript-ui-autocomplete-3.10.1.tgz",
            "integrity": "sha512-fco2/+rEj2ZSExuXgI/uRPqzyJ35dvB25MiS1B0YrfWW+0z7Vcjgbk3kMR4d279ZCjaNMP5Kqfx3hTKqfT15jA==",
            "requires": {
                "nativescript-ui-core": "~2.0.0"
            }
        },
        "nativescript-ui-core": {
            "version": "2.0.0",
            "resolved": "https://registry.npmjs.org/nativescript-ui-core/-/nativescript-ui-core-2.0.0.tgz",
            "integrity": "sha512-Xj0S2aAlLUwWjkcQpapOWfMfTtR7B4B+pB+mTeZm7+9lFleTis8t1sUeCF9OWy4G6Rg964V9UlYafPL5wOfFqw=="
        },
        "nativescript-ui-dataform": {
            "version": "3.8.0",
            "resolved": "https://registry.npmjs.org/nativescript-ui-dataform/-/nativescript-ui-dataform-3.8.0.tgz",
            "integrity": "sha512-tXbeKK91rOcosuJHBWIGaMj8awtayPuxaGv31XNSivQa4b64rhNg5BqwO2mxhcZl7bCoKVu3DgqSm7ucf02eKA==",
            "requires": {
                "nativescript-ui-autocomplete": "~3.10.0",
                "nativescript-ui-core": "~2.0.0"
            }
        },
        "nativescript-ui-sidedrawer": {
            "version": "4.3.1",
            "resolved": "https://registry.npmjs.org/nativescript-ui-sidedrawer/-/nativescript-ui-sidedrawer-4.3.1.tgz",
            "integrity": "sha512-jjuP2PwbbxrL1Rlkbbf0wGaY+xTWhkJpeeIb/aWvqTPgp45vlXv0GNwpUgKOoqkWeHdnfciypNE3VGJjouPbYg==",
            "requires": {
                "nativescript-ui-core": "~2.0.0"
            }
        },
        "tns-core-modules": {
            "version": "4.2.1",
            "resolved": "https://registry.npmjs.org/tns-core-modules/-/tns-core-modules-4.2.1.tgz",
            "integrity": "sha512-UH38lmVrdEJatc8l2q0p7WxWRhv6dXvkwY67cenSRl0FC4z7W/dih3fSlKp4yM9Uo0vu2RFsKRa9+UHyZR1YQA==",
            "requires": {
                "tns-core-modules-widgets": "4.2.1"
            }
        },
        "tns-core-modules-widgets": {
            "version": "4.2.1",
            "resolved": "https://registry.npmjs.org/tns-core-modules-widgets/-/tns-core-modules-widgets-4.2.1.tgz",
            "integrity": "sha512-ncy7D1oxuuX78sZL+MImxEZBYOUnxma7ZIkAsGRdyPjb7a/A/MoaIXmDLK+Ib2xw4Ul2qlCD1nvF56Q1Dy1m4Q=="
        }
    }
}
